lockfileVersion: '9.0'

settings:
  autoInstallPeers: true
  excludeLinksFromLockfile: false

importers:

  .:
    dependencies:
      '@vercel/analytics':
        specifier: ^1.6.1
        version: 1.6.1
      framer-motion:
        specifier: ^12.29.0
        version: 12.35.1

packages:

  '@vercel/analytics@1.6.1':
    resolution: {integrity: sha512-oH9He/bEM+6oKlv3chWuOOcp8Y6fo6/PSro8hEkgCW3pu9/OiCXiUpRUogDh3Fs3LH2sosDrx8CxeOLBEE+afg==}
    peerDependencies:
      '@remix-run/react': ^2
      '@sveltejs/kit': ^1 || ^2
      next: '>= 13'
      react: ^18 || ^19 || ^19.0.0-rc
      svelte: '>= 4'
      vue: ^3
      vue-router: ^4
    peerDependenciesMeta:
      '@remix-run/react':
        optional: true
      '@sveltejs/kit':
        optional: true
      next:
        optional: true
      react:
        optional: true
      svelte:
        optional: true
      vue:
        optional: true
      vue-router:
        optional: true

  framer-motion@12.35.1:
    resolution: {integrity: sha512-rL8cLrjYZNShZqKV3U0Qj6Y5WDiZXYEM5giiTLfEqsIZxtspzMDCkKmrO5po76jWfvOg04+Vk+sfBvTD0iMmLw==}
    peerDependencies:
      '@emotion/is-prop-valid': '*'
      react: ^18.0.0 || ^19.0.0
      react-dom: ^18.0.0 || ^19.0.0
    peerDependenciesMeta:
      '@emotion/is-prop-valid':
        optional: true
      react:
        optional: true
      react-dom:
        optional: true

  motion-dom@12.35.1:
    resolution: {integrity: sha512-7n6r7TtNOsH2UFSAXzTkfzOeO5616v9B178qBIjmu/WgEyJK0uqwytCEhwKBTuM/HJA40ptAw7hLFpxtPAMRZQ==}

  motion-utils@12.29.2:
    resolution: {integrity: sha512-G3kc34H2cX2gI63RqU+cZq+zWRRPSsNIOjpdl9TN4AQwC4sgwYPl/Q/Obf/d53nOm569T0fYK+tcoSV50BWx8A==}

  tslib@2.8.1:
    resolution: {integrity: sha512-oJFu94HQb+KVduSUQL7wnpmqnfmLsOA/nAh6b6EH0wCEoK0/mPeXU6c3wKDV83MkOuHPRHtSXKKU99IBazS/2w==}

snapshots:

  '@vercel/analytics@1.6.1': {}

  framer-motion@12.35.1:
    dependencies:
      motion-dom: 12.35.1
      motion-utils: 12.29.2
      tslib: 2.8.1

  motion-dom@12.35.1:
    dependencies:
      motion-utils: 12.29.2

  motion-utils@12.29.2: {}

  tslib@2.8.1: {}
